// !$*UTF8*$!
{
	archiveVersion = 1;
	classes = {
	};
	objectVersion = 50;
	objects = {

/* Begin PBXBuildFile section */
		1462D21F21EA39EF00B337F8 /* AppDelegate.swift in Sources */ = {isa = PBXBuildFile; fileRef = 1462D21E21EA39EF00B337F8 /* AppDelegate.swift */; };
		1462D22121EA39EF00B337F8 /* MasterViewController.swift in Sources */ = {isa = PBXBuildFile; fileRef = 1462D22021EA39EF00B337F8 /* MasterViewController.swift */; };
		1462D22321EA39EF00B337F8 /* DetailViewController.swift in Sources */ = {isa = PBXBuildFile; fileRef = 1462D22221EA39EF00B337F8 /* DetailViewController.swift */; };
		1462D22621EA39EF00B337F8 /* Main.storyboard in Resources */ = {isa = PBXBuildFile; fileRef = 1462D22421EA39EF00B337F8 /* Main.storyboard */; };
		1462D22821EA39F200B337F8 /* Assets.xcassets in Resources */ = {isa = PBXBuildFile; fileRef = 1462D22721EA39F200B337F8 /* Assets.xcassets */; };
		1462D22B21EA39F200B337F8 /* LaunchScreen.storyboard in Resources */ = {isa = PBXBuildFile; fileRef = 1462D22921EA39F200B337F8 /* LaunchScreen.storyboard */; };
		1462D23321EA427B00B337F8 /* imageNames.swift in Sources */ = {isa = PBXBuildFile; fileRef = 1462D23221EA427B00B337F8 /* imageNames.swift */; };
/* End PBXBuildFile section */

/* Begin PBXFileReference section */
		1462D21B21EA39EF00B337F8 /* splitty.app */ = {isa = PBXFileReference; explicitFileType = wrapper.application; includeInIndex = 0; path = splitty.app; sourceTree = BUILT_PRODUCTS_DIR; };
		1462D21E21EA39EF00B337F8 /* AppDelegate.swift */ = {isa = PBXFileReference; lastKnownFileType = sourcecode.swift; path = AppDelegate.swift; sourceTree = "<group>"; };
		1462D22021EA39EF00B337F8 /* MasterViewController.swift */ = {isa = PBXFileReference; lastKnownFileType = sourcecode.swift; path = MasterViewController.swift; sourceTree = "<group>"; };
		1462D22221EA39EF00B337F8 /* DetailViewController.swift */ = {isa = PBXFileReference; lastKnownFileType = sourcecode.swift; path = DetailViewController.swift; sourceTree = "<group>"; };
		1462D22521EA39EF00B337F8 /* Base */ = {isa = PBXFileReference; lastKnownFileType = file.storyboard; name = Base; path = Base.lproj/Main.storyboard; sourceTree = "<group>"; };
		1462D22721EA39F200B337F8 /* Assets.xcassets */ = {isa = PBXFileReference; lastKnownFileType = folder.assetcatalog; path = Assets.xcassets; sourceTree = "<group>"; };
		1462D22A21EA39F200B337F8 /* Base */ = {isa = PBXFileReference; lastKnownFileType = file.storyboard; name = Base; path = Base.lproj/LaunchScreen.storyboard; sourceTree = "<group>"; };
		1462D22C21EA39F200B337F8 /* Info.plist */ = {isa = PBXFileReference; lastKnownFileType = text.plist.xml; path = Info.plist; sourceTree = "<group>"; };
		1462D23221EA427B00B337F8 /* imageNames.swift */ = {isa = PBXFileReference; lastKnownFileType = sourcecode.swift; path = imageNames.swift; sourceTree = "<group>"; };
/* End PBXFileReference section */

/* Begin PBXFrameworksBuildPhase section */
		1462D21821EA39EF00B337F8 /* Frameworks */ = {
			isa = PBXFrameworksBuildPhase;
			buildActionMask = 2147483647;
			files = (
			);
			runOnlyForDeploymentPostprocessing = 0;
		};
/* End PBXFrameworksBuildPhase section */

/* Begin PBXGroup section */
		1462D21221EA39EF00B337F8 = {
			isa = PBXGroup;
			children = (
				1462D21D21EA39EF00B337F8 /* splitty */,
				1462D21C21EA39EF00B337F8 /* Products */,
			);
			sourceTree = "<group>";
		};
		1462D21C21EA39EF00B337F8 /* Products */ = {
			isa = PBXGroup;
			children = (
				1462D21B21EA39EF00B337F8 /* splitty.app */,
			);
			name = Products;
			sourceTree = "<group>";
		};
		1462D21D21EA39EF00B337F8 /* splitty */ = {
			isa = PBXGroup;
			children = (
				1462D21E21EA39EF00B337F8 /* AppDelegate.swift */,
				1462D22021EA39EF00B337F8 /* MasterViewController.swift */,
				1462D22221EA39EF00B337F8 /* DetailViewController.swift */,
				1462D22421EA39EF00B337F8 /* Main.storyboard */,
				1462D22721EA39F200B337F8 /* Assets.xcassets */,
				1462D22921EA39F200B337F8 /* LaunchScreen.storyboard */,
				1462D22C21EA39F200B337F8 /* Info.plist */,
				1462D23221EA427B00B337F8 /* imageNames.swift */,
			);
			path = splitty;
			sourceTree = "<group>";
		};
/* End PBXGroup section */

/* Begin PBXNativeTarget section */
		1462D21A21EA39EF00B337F8 /* splitty */ = {
			isa = PBXNativeTarget;
			buildConfigurationList = 1462D22F21EA39F200B337F8 /* Build configuration list for PBXNativeTarget "splitty" */;
			buildPhases = (
				1462D21721EA39EF00B337F8 /* Sources */,
				1462D21821EA39EF00B337F8 /* Frameworks */,
				1462D21921EA39EF00B337F8 /* Resources */,
			);
			buildRules = (
			);
			dependencies = (
			);
			name = splitty;
			productName = splitty;
			productReference = 1462D21B21EA39EF00B337F8 /* splitty.app */;
			productType = "com.apple.product-type.application";
		};
/* End PBXNativeTarget section */

/* Begin PBXProject section */
		1462D21321EA39EF00B337F8 /* Project object */ = {
			isa = PBXProject;
			attributes = {
				LastSwiftUpdateCheck = 1000;
				LastUpgradeCheck = 1000;
				ORGANIZATIONNAME = X;
				TargetAttributes = {
					1462D21A21EA39EF00B337F8 = {
						CreatedOnToolsVersion = 10.0;
					};
				};
			};
			buildConfigurationList = 1462D21621EA39EF00B337F8 /* Build configuration list for PBXProject "splitty" */;
			compatibilityVersion = "Xcode 9.3";
			developmentRegion = en;
			hasScannedForEncodings = 0;
			knownRegions = (
				en,
				Base,
			);
			mainGroup = 1462D21221EA39EF00B337F8;
			productRefGroup = 1462D21C21EA39EF00B337F8 /* Products */;
			projectDirPath = "";
			projectRoot = "";
			targets = (
				1462D21A21EA39EF00B337F8 /* splitty */,
			);
		};
/* End PBXProject section */

/* Begin PBXResourcesBuildPhase section */
		1462D21921EA39EF00B337F8 /* Resources */ = {
			isa = PBXResourcesBuildPhase;
			buildActionMask = 2147483647;
			files = (
				1462D22B21EA39F200B337F8 /* LaunchScreen.storyboard in Resources */,
				1462D22821EA39F200B337F8 /* Assets.xcassets in Resources */,
				1462D22621EA39EF00B337F8 /* Main.storyboard in Resources */,
			);
			runOnlyForDeploymentPostprocessing = 0;
		};
/* End PBXResourcesBuildPhase section */

/* Begin PBXSourcesBuildPhase section */
		1462D21721EA39EF00B337F8 /* Sources */ = {
			isa = PBXSourcesBuildPhase;
			buildActionMask = 2147483647;
			files = (
				1462D22321EA39EF00B337F8 /* DetailViewController.swift in Sources */,
				1462D22121EA39EF00B337F8 /* MasterViewController.swift in Sources */,
				1462D23321EA427B00B337F8 /* imageNames.swift in Sources */,
				1462D21F21EA39EF00B337F8 /* AppDelegate.swift in Sources */,
			);
			runOnlyForDeploymentPostprocessing = 0;
		};
/* End PBXSourcesBuildPhase section */

/* Begin PBXVariantGroup section */
		1462D22421EA39EF00B337F8 /* Main.storyboard */ = {
			isa = PBXVariantGroup;
			children = (
				1462D22521EA39EF00B337F8 /* Base */,
			);
			name = Main.storyboard;
			sourceTree = "<group>";
		};
		1462D22921EA39F200B337F8 /* LaunchScreen.storyboard */ = {
			isa = PBXVariantGroup;
			children = (
				1462D22A21EA39F200B337F8 /* Base */,
			);
			name = LaunchScreen.storyboard;
			sourceTree = "<group>";
		};
/* End PBXVariantGroup section */

/* Begin XCBuildConfiguration section */
		1462D22D21EA39F200B337F8 /* Debug */ = {
			isa = XCBuildConfiguration;
			buildSettings = {
				ALWAYS_SEARCH_USER_PATHS = NO;
				CLANG_ANALYZER_NONNULL = YES;
				CLANG_ANALYZER_NUMBER_OBJECT_CONVERSION = YES_AGGRESSIVE;
				CLANG_CXX_LANGUAGE_STANDARD = "gnu++14";
				CLANG_CXX_LIBRARY = "libc++";
				CLANG_ENABLE_MODULES = YES;
				CLANG_ENABLE_OBJC_ARC = YES;
				CLANG_ENABLE_OBJC_WEAK = YES;
				CLANG_WARN_BLOCK_CAPTURE_AUTORELEASING = YES;
				CLANG_WARN_BOOL_CONVERSION = YES;
				CLANG_WARN_COMMA = YES;
				CLANG_WARN_CONSTANT_CONVERSION = YES;
				CLANG_WARN_DEPRECATED_OBJC_IMPLEMENTATIONS = YES;
				CLANG_WARN_DIRECT_OBJC_ISA_USAGE = YES_ERROR;
				CLANG_WARN_DOCUMENTATION_COMMENTS = YES;
				CLANG_WARN_EMPTY_BODY = YES;
				CLANG_WARN_ENUM_CONVERSION = YES;
				CLANG_WARN_INFINITE_RECURSION = YES;
				CLANG_WARN_INT_CONVERSION = YES;
				CLANG_WARN_NON_LITERAL_NULL_CONVERSION = YES;
				CLANG_WARN_OBJC_IMPLICIT_RETAIN_SELF = YES;
				CLANG_WARN_OBJC_LITERAL_CONVERSION = YES;
				CLANG_WARN_OBJC_ROOT_CLASS = YES_ERROR;
				CLANG_WARN_RANGE_LOOP_ANALYSIS = YES;
				CLANG_WARN_STRICT_PROTOTYPES = YES;
				CLANG_WARN_SUSPICIOUS_MOVE = YES;
				CLANG_WARN_UNGUARDED_AVAILABILITY = YES_AGGRESSIVE;
				CLANG_WARN_UNREACHABLE_CODE = YES;
				CLANG_WARN__DUPLICATE_METHOD_MATCH = YES;
				CODE_SIGN_IDENTITY = "iPhone Developer";
				COPY_PHASE_STRIP = NO;
				DEBUG_INFORMATION_FORMAT = dwarf;
				ENABLE_STRICT_OBJC_MSGSEND = YES;
				ENABLE_TESTABILITY = YES;
				GCC_C_LANGUAGE_STANDARD = gnu11;
				GCC_DYNAMIC_NO_PIC = NO;
				GCC_NO_COMMON_BLOCKS = YES;
				GCC_OPTIMIZATION_LEVEL = 0;
				GCC_PREPROCESSOR_DEFINITIONS = (
					"DEBUG=1",
					"$(inherited)",
				);
				GCC_WARN_64_TO_32_BIT_CONVERSION = YES;
				GCC_WARN_ABOUT_RETURN_TYPE = YES_ERROR;
				GCC_WARN_UNDECLARED_SELECTOR = YES;
				GCC_WARN_UNINITIALIZED_AUTOS = YES_AGGRESSIVE;
				GCC_WARN_UNUSED_FUNCTION = YES;
				GCC_WARN_UNUSED_VARIABLE = YES;
				IPHONEOS_DEPLOYMENT_TARGET = 12.0;
				MTL_ENABLE_DEBUG_INFO = INCLUDE_SOURCE;
				MTL_FAST_MATH = YES;
				ONLY_ACTIVE_ARCH = YES;
				SDKROOT = iphoneos;
				SWIFT_ACTIVE_COMPILATION_CONDITIONS = DEBUG;
				SWIFT_OPTIMIZATION_LEVEL = "-Onone";
			};
			name = Debug;
		};
		1462D22E21EA39F200B337F8 /* Release */ = {
			isa = XCBuildConfiguration;
			buildSettings = {
				ALWAYS_SEARCH_USER_PATHS = NO;
				CLANG_ANALYZER_NONNULL = YES;
				CLANG_ANALYZER_NUMBER_OBJECT_CONVERSION = YES_AGGRESSIVE;
				CLANG_CXX_LANGUAGE_STANDARD = "gnu++14";
				CLANG_CXX_LIBRARY = "libc++";
				CLANG_ENABLE_MODULES = YES;
				CLANG_ENABLE_OBJC_ARC = YES;
				CLANG_ENABLE_OBJC_WEAK = YES;
				CLANG_WARN_BLOCK_CAPTURE_AUTORELEASING = YES;
				CLANG_WARN_BOOL_CONVERSION = YES;
				CLANG_WARN_COMMA = YES;
				CLANG_WARN_CONSTANT_CONVERSION = YES;
				CLANG_WARN_DEPRECATED_OBJC_IMPLEMENTATIONS = YES;
				CLANG_WARN_DIRECT_OBJC_ISA_USAGE = YES_ERROR;
				CLANG_WARN_DOCUMENTATION_COMMENTS = YES;
				CLANG_WARN_EMPTY_BODY = YES;
				CLANG_WARN_ENUM_CONVERSION = YES;
				CLANG_WARN_INFINITE_RECURSION = YES;
				CLANG_WARN_INT_CONVERSION = YES;
				CLANG_WARN_NON_LITERAL_NULL_CONVERSION = YES;
				CLANG_WARN_OBJC_IMPLICIT_RETAIN_SELF = YES;
				CLANG_WARN_OBJC_LITERAL_CONVERSION = YES;
				CLANG_WARN_OBJC_ROOT_CLASS = YES_ERROR;
				CLANG_WARN_RANGE_LOOP_ANALYSIS = YES;
				CLANG_WARN_STRICT_PROTOTYPES = YES;
				CLANG_WARN_SUSPICIOUS_MOVE = YES;
				CLANG_WARN_UNGUARDED_AVAILABILITY = YES_AGGRESSIVE;
				CLANG_WARN_UNREACHABLE_CODE = YES;
				CLANG_WARN__DUPLICATE_METHOD_MATCH = YES;
				CODE_SIGN_IDENTITY = "iPhone Developer";
				COPY_PHASE_STRIP = NO;
				DEBUG_INFORMATION_FORMAT = "dwarf-with-dsym";
				ENABLE_NS_ASSERTIONS = NO;
				ENABLE_STRICT_OBJC_MSGSEND = YES;
				GCC_C_LANGUAGE_STANDARD = gnu11;
				GCC_NO_COMMON_BLOCKS = YES;
				GCC_WARN_64_TO_32_BIT_CONVERSION = YES;
				GCC_WARN_ABOUT_RETURN_TYPE = YES_ERROR;
				GCC_WARN_UNDECLARED_SELECTOR = YES;
				GCC_WARN_UNINITIALIZED_AUTOS = YES_AGGRESSIVE;
				GCC_WARN_UNUSED_FUNCTION = YES;
				GCC_WARN_UNUSED_VARIABLE = YES;
				IPHONEOS_DEPLOYMENT_TARGET = 12.0;
				MTL_ENABLE_DEBUG_INFO = NO;
				MTL_FAST_MATH = YES;
				SDKROOT = iphoneos;
				SWIFT_COMPILATION_MODE = wholemodule;
				SWIFT_OPTIMIZATION_LEVEL = "-O";
				VALIDATE_PRODUCT = YES;
			};
			name = Release;
		};
		1462D23021EA39F200B337F8 /* Debug */ = {
			isa = XCBuildConfiguration;
			buildSettings = {
				ASSETCATALOG_COMPILER_APPICON_NAME = AppIcon;
				CODE_SIGN_STYLE = Automatic;
				DEVELOPMENT_TEAM = 28XXG6S5AU;
				INFOPLIST_FILE = splitty/Info.plist;
				LD_RUNPATH_SEARCH_PATHS = (
					"$(inherited)",
					"@executable_path/Frameworks",
				);
				PRODUCT_BUNDLE_IDENTIFIER = org.xrobotics.splitty;
				PRODUCT_NAME = "$(TARGET_NAME)";
				SWIFT_VERSION = 4.2;
				TARGETED_DEVICE_FAMILY = "1,2";
			};
			name = Debug;
		};
		1462D23121EA39F200B337F8 /* Release */ = {
			isa = XCBuildConfiguration;
			buildSettings = {
				ASSETCATALOG_COMPILER_APPICON_NAME = AppIcon;
				CODE_SIGN_STYLE = Automatic;
				DEVELOPMENT_TEAM = 28XXG6S5AU;
				INFOPLIST_FILE = splitty/Info.plist;
				LD_RUNPATH_SEARCH_PATHS = (
					"$(inherited)",
					"@executable_path/Frameworks",
				);
				PRODUCT_BUNDLE_IDENTIFIER = org.xrobotics.splitty;
				PRODUCT_NAME = "$(TARGET_NAME)";
				SWIFT_VERSION = 4.2;
				TARGETED_DEVICE_FAMILY = "1,2";
			};
			name = Release;
		};
/* End XCBuildConfiguration section */

/* Begin XCConfigurationList section */
		1462D21621EA39EF00B337F8 /* Build configuration list for PBXProject "splitty" */ = {
			isa = XCConfigurationList;
			buildConfigurations = (
				1462D22D21EA39F200B337F8 /* Debug */,
				1462D22E21EA39F200B337F8 /* Release */,
			);
			defaultConfigurationIsVisible = 0;
			defaultConfigurationName = Release;
		};
		1462D22F21EA39F200B337F8 /* Build configuration list for PBXNativeTarget "splitty" */ = {
			isa = XCConfigurationList;
			buildConfigurations = (
				1462D23021EA39F200B337F8 /* Debug */,
				1462D23121EA39F200B337F8 /* Release */,
			);
			defaultConfigurationIsVisible = 0;
			defaultConfigurationName = Release;
		};
/* End XCConfigurationList section */
	};
	rootObject = 1462D21321EA39EF00B337F8 /* Project object */;
}
